
Microsoft Visual Studio Solution File, Format Version 12.00
# Visual Studio Version 17
VisualStudioVersion = 17.9.34607.119
MinimumVisualStudioVersion = 10.0.40219.1
Project("{9A19103F-16F7-4668-BE54-9A1E7A4F7556}") = "GigaApp.Domain", "GigaApp.Domain\GigaApp.Domain.csproj", "{36CA0542-C392-4975-A439-73579DA824A0}"
EndProject
Project("{9A19103F-16F7-4668-BE54-9A1E7A4F7556}") = "GigaApp.Storage", "GigaApp.Storage\GigaApp.Storage.csproj", "{E5D3401E-3EE6-4437-B09F-367DE98D499A}"
EndProject
Project("{9A19103F-16F7-4668-BE54-9A1E7A4F7556}") = "GigaApp.API", "GigaApp.API\GigaApp.API.csproj", "{A0759D16-B1B1-4C93-BD55-6831B313BC56}"
EndProject
Project("{9A19103F-16F7-4668-BE54-9A1E7A4F7556}") = "GigaApp.Domain.Tests", "GigaApp.Domain.Tests\GigaApp.Domain.Tests.csproj", "{EC810A10-F0D5-4AE9-843B-27D83361A0C2}"
EndProject
Project("{2150E333-8FDC-42A3-9474-1A3956D46DE8}") = "Docker", "Docker", "{1736E55C-E664-4D27-998F-630167CDA0C3}"
	ProjectSection(SolutionItems) = preProject
		docker-compose.yaml = docker-compose.yaml
		prometheus.yml = prometheus.yml
	EndProjectSection
EndProject
Project("{9A19103F-16F7-4668-BE54-9A1E7A4F7556}") = "GigaApp.Domain.DependencyInjection", "GigaApp.Domain.DependencyInjection\GigaApp.Domain.DependencyInjection.csproj", "{4C933AFB-63CB-41EE-A87D-2A1CB7BAF8B8}"
EndProject
Project("{9A19103F-16F7-4668-BE54-9A1E7A4F7556}") = "GigaApp.Storage.DependencyInjection", "GigaApp.Storage.DependencyInjection\GigaApp.Storage.DependencyInjection.csproj", "{5B939FA2-98A9-435E-85BD-1CBB82558D1B}"
EndProject
Project("{2150E333-8FDC-42A3-9474-1A3956D46DE8}") = "solution-items", "solution-items", "{24517E81-D667-4AF9-93DF-73E49C8B8E00}"
	ProjectSection(SolutionItems) = preProject
		Directory.Build.props = Directory.Build.props
	EndProjectSection
EndProject
Project("{9A19103F-16F7-4668-BE54-9A1E7A4F7556}") = "GigaApp.E2E", "GigaApp.E2E\GigaApp.E2E.csproj", "{BAF9DB5A-1364-461D-8792-C9D72A7BCB6F}"
EndProject
Project("{9A19103F-16F7-4668-BE54-9A1E7A4F7556}") = "GigaApp.Storage.Tests", "GigaApp.Storage.Tests\GigaApp.Storage.Tests.csproj", "{1D894EF9-CF5D-4586-BB59-0EF5D05CF8C0}"
EndProject
Global
	GlobalSection(SolutionConfigurationPlatforms) = preSolution
		Debug|Any CPU = Debug|Any CPU
		Release|Any CPU = Release|Any CPU
	EndGlobalSection
	GlobalSection(ProjectConfigurationPlatforms) = postSolution
		{36CA0542-C392-4975-A439-73579DA824A0}.Debug|Any CPU.ActiveCfg = Debug|Any CPU
		{36CA0542-C392-4975-A439-73579DA824A0}.Debug|Any CPU.Build.0 = Debug|Any CPU
		{36CA0542-C392-4975-A439-73579DA824A0}.Release|Any CPU.ActiveCfg = Release|Any CPU
		{36CA0542-C392-4975-A439-73579DA824A0}.Release|Any CPU.Build.0 = Release|Any CPU
		{E5D3401E-3EE6-4437-B09F-367DE98D499A}.Debug|Any CPU.ActiveCfg = Debug|Any CPU
		{E5D3401E-3EE6-4437-B09F-367DE98D499A}.Debug|Any CPU.Build.0 = Debug|Any CPU
		{E5D3401E-3EE6-4437-B09F-367DE98D499A}.Release|Any CPU.ActiveCfg = Release|Any CPU
		{E5D3401E-3EE6-4437-B09F-367DE98D499A}.Release|Any CPU.Build.0 = Release|Any CPU
		{A0759D16-B1B1-4C93-BD55-6831B313BC56}.Debug|Any CPU.ActiveCfg = Debug|Any CPU
		{A0759D16-B1B1-4C93-BD55-6831B313BC56}.Debug|Any CPU.Build.0 = Debug|Any CPU
		{A0759D16-B1B1-4C93-BD55-6831B313BC56}.Release|Any CPU.ActiveCfg = Release|Any CPU
		{A0759D16-B1B1-4C93-BD55-6831B313BC56}.Release|Any CPU.Build.0 = Release|Any CPU
		{EC810A10-F0D5-4AE9-843B-27D83361A0C2}.Debug|Any CPU.ActiveCfg = Debug|Any CPU
		{EC810A10-F0D5-4AE9-843B-27D83361A0C2}.Debug|Any CPU.Build.0 = Debug|Any CPU
		{EC810A10-F0D5-4AE9-843B-27D83361A0C2}.Release|Any CPU.ActiveCfg = Release|Any CPU
		{EC810A10-F0D5-4AE9-843B-27D83361A0C2}.Release|Any CPU.Build.0 = Release|Any CPU
		{4C933AFB-63CB-41EE-A87D-2A1CB7BAF8B8}.Debug|Any CPU.ActiveCfg = Debug|Any CPU
		{4C933AFB-63CB-41EE-A87D-2A1CB7BAF8B8}.Debug|Any CPU.Build.0 = Debug|Any CPU
		{4C933AFB-63CB-41EE-A87D-2A1CB7BAF8B8}.Release|Any CPU.ActiveCfg = Release|Any CPU
		{4C933AFB-63CB-41EE-A87D-2A1CB7BAF8B8}.Release|Any CPU.Build.0 = Release|Any CPU
		{5B939FA2-98A9-435E-85BD-1CBB82558D1B}.Debug|Any CPU.ActiveCfg = Debug|Any CPU
		{5B939FA2-98A9-435E-85BD-1CBB82558D1B}.Debug|Any CPU.Build.0 = Debug|Any CPU
		{5B939FA2-98A9-435E-85BD-1CBB82558D1B}.Release|Any CPU.ActiveCfg = Release|Any CPU
		{5B939FA2-98A9-435E-85BD-1CBB82558D1B}.Release|Any CPU.Build.0 = Release|Any CPU
		{BAF9DB5A-1364-461D-8792-C9D72A7BCB6F}.Debug|Any CPU.ActiveCfg = Debug|Any CPU
		{BAF9DB5A-1364-461D-8792-C9D72A7BCB6F}.Debug|Any CPU.Build.0 = Debug|Any CPU
		{BAF9DB5A-1364-461D-8792-C9D72A7BCB6F}.Release|Any CPU.ActiveCfg = Release|Any CPU
		{BAF9DB5A-1364-461D-8792-C9D72A7BCB6F}.Release|Any CPU.Build.0 = Release|Any CPU
		{1D894EF9-CF5D-4586-BB59-0EF5D05CF8C0}.Debug|Any CPU.ActiveCfg = Debug|Any CPU
		{1D894EF9-CF5D-4586-BB59-0EF5D05CF8C0}.Debug|Any CPU.Build.0 = Debug|Any CPU
		{1D894EF9-CF5D-4586-BB59-0EF5D05CF8C0}.Release|Any CPU.ActiveCfg = Release|Any CPU
		{1D894EF9-CF5D-4586-BB59-0EF5D05CF8C0}.Release|Any CPU.Build.0 = Release|Any CPU
	EndGlobalSection
	GlobalSection(SolutionProperties) = preSolution
		HideSolutionNode = FALSE
	EndGlobalSection
	GlobalSection(ExtensibilityGlobals) = postSolution
		SolutionGuid = {87484A96-FBC9-4024-AC0F-BBDE95B407FD}
	EndGlobalSection
EndGlobal
